
Microsoft Visual Studio Solution File, Format Version 12.00
# Visual Studio Version 16
VisualStudioVersion = 16.0.32802.440
MinimumVisualStudioVersion = 10.0.40219.1
Project("{9A19103F-16F7-4668-BE54-9A1E7A4F7556}") = "BlazingComponents.Summernote", "BlazingComponents.Summernote.csproj", "{74D051EC-9C23-4812-95FE-34129AD45D7A}"
EndProject
Global
	GlobalSection(SolutionConfigurationPlatforms) = preSolution
		Debug|Any CPU = Debug|Any CPU
		Release|Any CPU = Release|Any CPU
	EndGlobalSection
	GlobalSection(ProjectConfigurationPlatforms) = postSolution
		{74D051EC-9C23-4812-95FE-34129AD45D7A}.Debug|Any CPU.ActiveCfg = Debug|Any CPU
		{74D051EC-9C23-4812-95FE-34129AD45D7A}.Debug|Any CPU.Build.0 = Debug|Any CPU
		{74D051EC-9C23-4812-95FE-34129AD45D7A}.Release|Any CPU.ActiveCfg = Release|Any CPU
		{74D051EC-9C23-4812-95FE-34129AD45D7A}.Release|Any CPU.Build.0 = Release|Any CPU
	EndGlobalSection
	GlobalSection(SolutionProperties) = preSolution
		HideSolutionNode = FALSE
	EndGlobalSection
	GlobalSection(ExtensibilityGlobals) = postSolution
		SolutionGuid = {A506BB6D-B6F1-4E69-A5BA-1D759A0C43E5}
	EndGlobalSection
EndGlobal
